
Microsoft Visual Studio Solution File, Format Version 12.00
# Visual Studio Version 17
VisualStudioVersion = 17.9.34723.18
MinimumVisualStudioVersion = 10.0.40219.1
Project("{9A19103F-16F7-4668-BE54-9A1E7A4F7556}") = "Example1-Stopwatch", "Example1-Stopwatch\Example1-Stopwatch.csproj", "{E4D8A498-3947-4EBC-AB77-D5751E61744A}"
EndProject
Project("{9A19103F-16F7-4668-BE54-9A1E7A4F7556}") = "Example3-FormSwitch", "Example3-FormSwitch\Example3-FormSwitch.csproj", "{38B866E8-E001-4D13-8B16-5340B142B63A}"
EndProject
Project("{FAE04EC0-301F-11D3-BF4B-00C04F79EFBC}") = "Example7_8-RazorInteractivePage", "Example7_8-RazorInteractivePage\Example7_8-RazorInteractivePage.csproj", "{97FEBF16-EFC2-4A48-BBC1-591E722F205D}"
EndProject
Global
	GlobalSection(SolutionConfigurationPlatforms) = preSolution
		Debug|Any CPU = Debug|Any CPU
		Release|Any CPU = Release|Any CPU
	EndGlobalSection
	GlobalSection(ProjectConfigurationPlatforms) = postSolution
		{E4D8A498-3947-4EBC-AB77-D5751E61744A}.Debug|Any CPU.ActiveCfg = Debug|Any CPU
		{E4D8A498-3947-4EBC-AB77-D5751E61744A}.Debug|Any CPU.Build.0 = Debug|Any CPU
		{E4D8A498-3947-4EBC-AB77-D5751E61744A}.Release|Any CPU.ActiveCfg = Release|Any CPU
		{E4D8A498-3947-4EBC-AB77-D5751E61744A}.Release|Any CPU.Build.0 = Release|Any CPU
		{38B866E8-E001-4D13-8B16-5340B142B63A}.Debug|Any CPU.ActiveCfg = Debug|Any CPU
		{38B866E8-E001-4D13-8B16-5340B142B63A}.Debug|Any CPU.Build.0 = Debug|Any CPU
		{38B866E8-E001-4D13-8B16-5340B142B63A}.Release|Any CPU.ActiveCfg = Release|Any CPU
		{38B866E8-E001-4D13-8B16-5340B142B63A}.Release|Any CPU.Build.0 = Release|Any CPU
		{97FEBF16-EFC2-4A48-BBC1-591E722F205D}.Debug|Any CPU.ActiveCfg = Debug|Any CPU
		{97FEBF16-EFC2-4A48-BBC1-591E722F205D}.Debug|Any CPU.Build.0 = Debug|Any CPU
		{97FEBF16-EFC2-4A48-BBC1-591E722F205D}.Release|Any CPU.ActiveCfg = Release|Any CPU
		{97FEBF16-EFC2-4A48-BBC1-591E722F205D}.Release|Any CPU.Build.0 = Release|Any CPU
	EndGlobalSection
	GlobalSection(SolutionProperties) = preSolution
		HideSolutionNode = FALSE
	EndGlobalSection
	GlobalSection(ExtensibilityGlobals) = postSolution
		SolutionGuid = {8D11640C-CA10-41A8-98D9-8E114D000B14}
	EndGlobalSection
EndGlobal
